
Microsoft Visual Studio Solution File, Format Version 12.00
# Visual Studio 15
VisualStudioVersion = 15.0.28010.2036
MinimumVisualStudioVersion = 10.0.40219.1
Project("{FAE04EC0-301F-11D3-BF4B-00C04F79EFBC}") = "AbstractClass", "ConsoleApp1\AbstractClass.csproj", "{B029DD71-6B7D-4883-86B5-1591E64C188A}"
EndProject
Project("{FAE04EC0-301F-11D3-BF4B-00C04F79EFBC}") = "Interface", "Interface\Interface.csproj", "{DFEE3564-96A6-4D06-873E-53E8605D4B2B}"
EndProject
Global
	GlobalSection(SolutionConfigurationPlatforms) = preSolution
		Debug|Any CPU = Debug|Any CPU
		Release|Any CPU = Release|Any CPU
	EndGlobalSection
	GlobalSection(ProjectConfigurationPlatforms) = postSolution
		{B029DD71-6B7D-4883-86B5-1591E64C188A}.Debug|Any CPU.ActiveCfg = Debug|Any CPU
		{B029DD71-6B7D-4883-86B5-1591E64C188A}.Debug|Any CPU.Build.0 = Debug|Any CPU
		{B029DD71-6B7D-4883-86B5-1591E64C188A}.Release|Any CPU.ActiveCfg = Release|Any CPU
		{B029DD71-6B7D-4883-86B5-1591E64C188A}.Release|Any CPU.Build.0 = Release|Any CPU
		{DFEE3564-96A6-4D06-873E-53E8605D4B2B}.Debug|Any CPU.ActiveCfg = Debug|Any CPU
		{DFEE3564-96A6-4D06-873E-53E8605D4B2B}.Debug|Any CPU.Build.0 = Debug|Any CPU
		{DFEE3564-96A6-4D06-873E-53E8605D4B2B}.Release|Any CPU.ActiveCfg = Release|Any CPU
		{DFEE3564-96A6-4D06-873E-53E8605D4B2B}.Release|Any CPU.Build.0 = Release|Any CPU
	EndGlobalSection
	GlobalSection(SolutionProperties) = preSolution
		HideSolutionNode = FALSE
	EndGlobalSection
	GlobalSection(ExtensibilityGlobals) = postSolution
		SolutionGuid = {DF269931-C322-442C-A180-1CC55DB03488}
	EndGlobalSection
EndGlobal
